
Microsoft Visual Studio Solution File, Format Version 12.00
# Visual Studio Version 17
VisualStudioVersion = 17.2.32630.192
MinimumVisualStudioVersion = 10.0.40219.1
Project("{8BC9CEB8-8B4A-11D0-8D11-00A0C91BC942}") = "HelloATLProject", "HelloATLProject.vcxproj", "{2425C2E5-E5B0-4B7E-8D55-19A6156D1D13}"
EndProject
Project("{8BC9CEB8-8B4A-11D0-8D11-00A0C91BC942}") = "HelloATLProjectPS", "..\HelloATLProjectPS\HelloATLProjectPS.vcxproj", "{6CB4453D-5CC7-40E8-A225-1A92704C56EC}"
EndProject
Global
	GlobalSection(SolutionConfigurationPlatforms) = preSolution
		Debug|x64 = Debug|x64
		Debug|x86 = Debug|x86
		Release|x64 = Release|x64
		Release|x86 = Release|x86
	EndGlobalSection
	GlobalSection(ProjectConfigurationPlatforms) = postSolution
		{2425C2E5-E5B0-4B7E-8D55-19A6156D1D13}.Debug|x64.ActiveCfg = Debug|x64
		{2425C2E5-E5B0-4B7E-8D55-19A6156D1D13}.Debug|x64.Build.0 = Debug|x64
		{2425C2E5-E5B0-4B7E-8D55-19A6156D1D13}.Debug|x86.ActiveCfg = Debug|Win32
		{2425C2E5-E5B0-4B7E-8D55-19A6156D1D13}.Debug|x86.Build.0 = Debug|Win32
		{2425C2E5-E5B0-4B7E-8D55-19A6156D1D13}.Release|x64.ActiveCfg = Release|x64
		{2425C2E5-E5B0-4B7E-8D55-19A6156D1D13}.Release|x64.Build.0 = Release|x64
		{2425C2E5-E5B0-4B7E-8D55-19A6156D1D13}.Release|x86.ActiveCfg = Release|Win32
		{2425C2E5-E5B0-4B7E-8D55-19A6156D1D13}.Release|x86.Build.0 = Release|Win32
		{6CB4453D-5CC7-40E8-A225-1A92704C56EC}.Debug|x64.ActiveCfg = Debug|x64
		{6CB4453D-5CC7-40E8-A225-1A92704C56EC}.Debug|x64.Build.0 = Debug|x64
		{6CB4453D-5CC7-40E8-A225-1A92704C56EC}.Debug|x86.ActiveCfg = Debug|Win32
		{6CB4453D-5CC7-40E8-A225-1A92704C56EC}.Debug|x86.Build.0 = Debug|Win32
		{6CB4453D-5CC7-40E8-A225-1A92704C56EC}.Release|x64.ActiveCfg = Release|x64
		{6CB4453D-5CC7-40E8-A225-1A92704C56EC}.Release|x64.Build.0 = Release|x64
		{6CB4453D-5CC7-40E8-A225-1A92704C56EC}.Release|x86.ActiveCfg = Release|Win32
		{6CB4453D-5CC7-40E8-A225-1A92704C56EC}.Release|x86.Build.0 = Release|Win32
	EndGlobalSection
	GlobalSection(SolutionProperties) = preSolution
		HideSolutionNode = FALSE
	EndGlobalSection
	GlobalSection(ExtensibilityGlobals) = postSolution
		SolutionGuid = {95AC493F-8FC1-4ACE-A810-B3CCEB72DE2E}
	EndGlobalSection
EndGlobal
